
Microsoft Visual Studio Solution File, Format Version 11.00
# Visual Studio 2010
Project("{8BC9CEB8-8B4A-11D0-8D11-00A0C91BC942}") = "g2ext", "g2ext\g2ext.vcxproj", "{50F84987-14AD-4D74-A157-71F5E4C75B81}"
EndProject
Project("{8BC9CEB8-8B4A-11D0-8D11-00A0C91BC942}") = "libg2extutils", "libg2extutils\libg2extutils.vcxproj", "{A39B969B-4883-4A0E-83C0-B72DDD7B031F}"
EndProject
Project("{8BC9CEB8-8B4A-11D0-8D11-00A0C91BC942}") = "g2ext_starter", "starter\starter.vcxproj", "{898A4313-86C7-43CE-8876-619CC8F91BE2}"
EndProject
Project("{8BC9CEB8-8B4A-11D0-8D11-00A0C91BC942}") = "libg2extutils_test", "test\libg2extutils_test\libg2extutils_test.vcxproj", "{B8C09159-FDE1-40B0-9230-9F76FA5E71A0}"
EndProject
Global
	GlobalSection(SolutionConfigurationPlatforms) = preSolution
		DbgRelease|Win32 = DbgRelease|Win32
		Debug (dev)|Win32 = Debug (dev)|Win32
		Debug|Win32 = Debug|Win32
		Release (dev)|Win32 = Release (dev)|Win32
		Release|Win32 = Release|Win32
	EndGlobalSection
	GlobalSection(ProjectConfigurationPlatforms) = postSolution
		{50F84987-14AD-4D74-A157-71F5E4C75B81}.DbgRelease|Win32.ActiveCfg = DbgRelease|Win32
		{50F84987-14AD-4D74-A157-71F5E4C75B81}.DbgRelease|Win32.Build.0 = DbgRelease|Win32
		{50F84987-14AD-4D74-A157-71F5E4C75B81}.Debug (dev)|Win32.ActiveCfg = Debug|Win32
		{50F84987-14AD-4D74-A157-71F5E4C75B81}.Debug (dev)|Win32.Build.0 = Debug|Win32
		{50F84987-14AD-4D74-A157-71F5E4C75B81}.Debug|Win32.ActiveCfg = Debug|Win32
		{50F84987-14AD-4D74-A157-71F5E4C75B81}.Debug|Win32.Build.0 = Debug|Win32
		{50F84987-14AD-4D74-A157-71F5E4C75B81}.Release (dev)|Win32.ActiveCfg = Release|Win32
		{50F84987-14AD-4D74-A157-71F5E4C75B81}.Release (dev)|Win32.Build.0 = Release|Win32
		{50F84987-14AD-4D74-A157-71F5E4C75B81}.Release|Win32.ActiveCfg = Release|Win32
		{50F84987-14AD-4D74-A157-71F5E4C75B81}.Release|Win32.Build.0 = Release|Win32
		{A39B969B-4883-4A0E-83C0-B72DDD7B031F}.DbgRelease|Win32.ActiveCfg = Release|Win32
		{A39B969B-4883-4A0E-83C0-B72DDD7B031F}.DbgRelease|Win32.Build.0 = Release|Win32
		{A39B969B-4883-4A0E-83C0-B72DDD7B031F}.Debug (dev)|Win32.ActiveCfg = Debug|Win32
		{A39B969B-4883-4A0E-83C0-B72DDD7B031F}.Debug (dev)|Win32.Build.0 = Debug|Win32
		{A39B969B-4883-4A0E-83C0-B72DDD7B031F}.Debug|Win32.ActiveCfg = Debug|Win32
		{A39B969B-4883-4A0E-83C0-B72DDD7B031F}.Debug|Win32.Build.0 = Debug|Win32
		{A39B969B-4883-4A0E-83C0-B72DDD7B031F}.Release (dev)|Win32.ActiveCfg = Release|Win32
		{A39B969B-4883-4A0E-83C0-B72DDD7B031F}.Release (dev)|Win32.Build.0 = Release|Win32
		{A39B969B-4883-4A0E-83C0-B72DDD7B031F}.Release|Win32.ActiveCfg = Release|Win32
		{A39B969B-4883-4A0E-83C0-B72DDD7B031F}.Release|Win32.Build.0 = Release|Win32
		{898A4313-86C7-43CE-8876-619CC8F91BE2}.DbgRelease|Win32.ActiveCfg = Release|Win32
		{898A4313-86C7-43CE-8876-619CC8F91BE2}.DbgRelease|Win32.Build.0 = Release|Win32
		{898A4313-86C7-43CE-8876-619CC8F91BE2}.Debug (dev)|Win32.ActiveCfg = Debug (dev)|Win32
		{898A4313-86C7-43CE-8876-619CC8F91BE2}.Debug (dev)|Win32.Build.0 = Debug (dev)|Win32
		{898A4313-86C7-43CE-8876-619CC8F91BE2}.Debug|Win32.ActiveCfg = Debug|Win32
		{898A4313-86C7-43CE-8876-619CC8F91BE2}.Debug|Win32.Build.0 = Debug|Win32
		{898A4313-86C7-43CE-8876-619CC8F91BE2}.Release (dev)|Win32.ActiveCfg = Release (dev)|Win32
		{898A4313-86C7-43CE-8876-619CC8F91BE2}.Release (dev)|Win32.Build.0 = Release (dev)|Win32
		{898A4313-86C7-43CE-8876-619CC8F91BE2}.Release|Win32.ActiveCfg = Release|Win32
		{898A4313-86C7-43CE-8876-619CC8F91BE2}.Release|Win32.Build.0 = Release|Win32
		{B8C09159-FDE1-40B0-9230-9F76FA5E71A0}.DbgRelease|Win32.ActiveCfg = Release|Win32
		{B8C09159-FDE1-40B0-9230-9F76FA5E71A0}.DbgRelease|Win32.Build.0 = Release|Win32
		{B8C09159-FDE1-40B0-9230-9F76FA5E71A0}.Debug (dev)|Win32.ActiveCfg = Debug|Win32
		{B8C09159-FDE1-40B0-9230-9F76FA5E71A0}.Debug (dev)|Win32.Build.0 = Debug|Win32
		{B8C09159-FDE1-40B0-9230-9F76FA5E71A0}.Debug|Win32.ActiveCfg = Debug|Win32
		{B8C09159-FDE1-40B0-9230-9F76FA5E71A0}.Debug|Win32.Build.0 = Debug|Win32
		{B8C09159-FDE1-40B0-9230-9F76FA5E71A0}.Release (dev)|Win32.ActiveCfg = Release|Win32
		{B8C09159-FDE1-40B0-9230-9F76FA5E71A0}.Release (dev)|Win32.Build.0 = Release|Win32
		{B8C09159-FDE1-40B0-9230-9F76FA5E71A0}.Release|Win32.ActiveCfg = Release|Win32
		{B8C09159-FDE1-40B0-9230-9F76FA5E71A0}.Release|Win32.Build.0 = Release|Win32
	EndGlobalSection
	GlobalSection(SolutionProperties) = preSolution
		HideSolutionNode = FALSE
	EndGlobalSection
EndGlobal
