
Microsoft Visual Studio Solution File, Format Version 10.00
# Visual Studio 2008
Project("{8BC9CEB8-8B4A-11D0-8D11-00A0C91BC942}") = "g2ext", "g2ext\g2ext.vcproj", "{50F84987-14AD-4D74-A157-71F5E4C75B81}"
EndProject
Global
	GlobalSection(SolutionConfigurationPlatforms) = preSolution
		Debug (Spacer)|Win32 = Debug (Spacer)|Win32
		Debug|Win32 = Debug|Win32
		Release (Spacer)|Win32 = Release (Spacer)|Win32
		Release|Win32 = Release|Win32
	EndGlobalSection
	GlobalSection(ProjectConfigurationPlatforms) = postSolution
		{50F84987-14AD-4D74-A157-71F5E4C75B81}.Debug (Spacer)|Win32.ActiveCfg = Debug (Spacer)|Win32
		{50F84987-14AD-4D74-A157-71F5E4C75B81}.Debug (Spacer)|Win32.Build.0 = Debug (Spacer)|Win32
		{50F84987-14AD-4D74-A157-71F5E4C75B81}.Debug|Win32.ActiveCfg = Debug|Win32
		{50F84987-14AD-4D74-A157-71F5E4C75B81}.Debug|Win32.Build.0 = Debug|Win32
		{50F84987-14AD-4D74-A157-71F5E4C75B81}.Release (Spacer)|Win32.ActiveCfg = Release (Spacer)|Win32
		{50F84987-14AD-4D74-A157-71F5E4C75B81}.Release (Spacer)|Win32.Build.0 = Release (Spacer)|Win32
		{50F84987-14AD-4D74-A157-71F5E4C75B81}.Release|Win32.ActiveCfg = Release|Win32
		{50F84987-14AD-4D74-A157-71F5E4C75B81}.Release|Win32.Build.0 = Release|Win32
	EndGlobalSection
	GlobalSection(SolutionProperties) = preSolution
		HideSolutionNode = FALSE
	EndGlobalSection
EndGlobal
